
Microsoft Visual Studio Solution File, Format Version 12.00
# Visual Studio 2012
Project("{FAE04EC0-301F-11D3-BF4B-00C04F79EFBC}") = "Azir", "Azir\Azir.csproj", "{FC6826EE-F98E-4514-9F4B-20EAD08CD51C}"
EndProject
Global
	GlobalSection(SolutionConfigurationPlatforms) = preSolution
		Debug|Any CPU = Debug|Any CPU
		Release|Any CPU = Release|Any CPU
	EndGlobalSection
	GlobalSection(ProjectConfigurationPlatforms) = postSolution
		{FC6826EE-F98E-4514-9F4B-20EAD08CD51C}.Debug|Any CPU.ActiveCfg = Debug|Any CPU
		{FC6826EE-F98E-4514-9F4B-20EAD08CD51C}.Debug|Any CPU.Build.0 = Debug|Any CPU
		{FC6826EE-F98E-4514-9F4B-20EAD08CD51C}.Release|Any CPU.ActiveCfg = Release|Any CPU
		{FC6826EE-F98E-4514-9F4B-20EAD08CD51C}.Release|Any CPU.Build.0 = Release|Any CPU
	EndGlobalSection
	GlobalSection(SolutionProperties) = preSolution
		HideSolutionNode = FALSE
	EndGlobalSection
EndGlobal
